
Microsoft Visual Studio Solution File, Format Version 12.00
# Visual Studio 2012
Project("{FAE04EC0-301F-11D3-BF4B-00C04F79EFBC}") = "Contract", "Contract\Contract.csproj", "{E26A8512-EFDC-47FB-8AC6-223BEF1EF298}"
EndProject
Project("{FAE04EC0-301F-11D3-BF4B-00C04F79EFBC}") = "Log", "Log\Log.csproj", "{B13EAA64-9553-45B5-BC60-09E2CCB3F962}"
EndProject
Project("{FAE04EC0-301F-11D3-BF4B-00C04F79EFBC}") = "DAL", "DAL\DAL.csproj", "{6F08290F-865F-4B7F-BBC8-E20079610F00}"
EndProject
Project("{FAE04EC0-301F-11D3-BF4B-00C04F79EFBC}") = "Service", "Service\Service.csproj", "{095635AA-3206-4BD0-B6C2-E1CDCEC9B615}"
EndProject
Project("{FAE04EC0-301F-11D3-BF4B-00C04F79EFBC}") = "Host", "Host\Host.csproj", "{974693E8-336E-414E-BA67-C85824147E6B}"
EndProject
Project("{FAE04EC0-301F-11D3-BF4B-00C04F79EFBC}") = "MetroClient", "MetroClient\MetroClient.csproj", "{445B954E-E259-4415-936D-5772B938DB56}"
EndProject
Project("{2150E333-8FDC-42A3-9474-1A3956D46DE8}") = "Solution Items", "Solution Items", "{881CCFDF-FA8A-4304-BC3E-0855BDC1F026}"
	ProjectSection(SolutionItems) = preProject
		App.config = App.config
	EndProjectSection
EndProject
Global
	GlobalSection(SolutionConfigurationPlatforms) = preSolution
		Debug|Any CPU = Debug|Any CPU
		Release|Any CPU = Release|Any CPU
	EndGlobalSection
	GlobalSection(ProjectConfigurationPlatforms) = postSolution
		{E26A8512-EFDC-47FB-8AC6-223BEF1EF298}.Debug|Any CPU.ActiveCfg = Debug|Any CPU
		{E26A8512-EFDC-47FB-8AC6-223BEF1EF298}.Debug|Any CPU.Build.0 = Debug|Any CPU
		{E26A8512-EFDC-47FB-8AC6-223BEF1EF298}.Release|Any CPU.ActiveCfg = Release|Any CPU
		{E26A8512-EFDC-47FB-8AC6-223BEF1EF298}.Release|Any CPU.Build.0 = Release|Any CPU
		{B13EAA64-9553-45B5-BC60-09E2CCB3F962}.Debug|Any CPU.ActiveCfg = Debug|Any CPU
		{B13EAA64-9553-45B5-BC60-09E2CCB3F962}.Debug|Any CPU.Build.0 = Debug|Any CPU
		{B13EAA64-9553-45B5-BC60-09E2CCB3F962}.Release|Any CPU.ActiveCfg = Release|Any CPU
		{B13EAA64-9553-45B5-BC60-09E2CCB3F962}.Release|Any CPU.Build.0 = Release|Any CPU
		{6F08290F-865F-4B7F-BBC8-E20079610F00}.Debug|Any CPU.ActiveCfg = Debug|Any CPU
		{6F08290F-865F-4B7F-BBC8-E20079610F00}.Debug|Any CPU.Build.0 = Debug|Any CPU
		{6F08290F-865F-4B7F-BBC8-E20079610F00}.Release|Any CPU.ActiveCfg = Release|Any CPU
		{6F08290F-865F-4B7F-BBC8-E20079610F00}.Release|Any CPU.Build.0 = Release|Any CPU
		{095635AA-3206-4BD0-B6C2-E1CDCEC9B615}.Debug|Any CPU.ActiveCfg = Debug|Any CPU
		{095635AA-3206-4BD0-B6C2-E1CDCEC9B615}.Debug|Any CPU.Build.0 = Debug|Any CPU
		{095635AA-3206-4BD0-B6C2-E1CDCEC9B615}.Release|Any CPU.ActiveCfg = Release|Any CPU
		{095635AA-3206-4BD0-B6C2-E1CDCEC9B615}.Release|Any CPU.Build.0 = Release|Any CPU
		{974693E8-336E-414E-BA67-C85824147E6B}.Debug|Any CPU.ActiveCfg = Debug|Any CPU
		{974693E8-336E-414E-BA67-C85824147E6B}.Debug|Any CPU.Build.0 = Debug|Any CPU
		{974693E8-336E-414E-BA67-C85824147E6B}.Release|Any CPU.ActiveCfg = Release|Any CPU
		{974693E8-336E-414E-BA67-C85824147E6B}.Release|Any CPU.Build.0 = Release|Any CPU
		{445B954E-E259-4415-936D-5772B938DB56}.Debug|Any CPU.ActiveCfg = Debug|Any CPU
		{445B954E-E259-4415-936D-5772B938DB56}.Debug|Any CPU.Build.0 = Debug|Any CPU
		{445B954E-E259-4415-936D-5772B938DB56}.Release|Any CPU.ActiveCfg = Release|Any CPU
		{445B954E-E259-4415-936D-5772B938DB56}.Release|Any CPU.Build.0 = Release|Any CPU
	EndGlobalSection
	GlobalSection(SolutionProperties) = preSolution
		HideSolutionNode = FALSE
	EndGlobalSection
EndGlobal
